
Microsoft Visual Studio Solution File, Format Version 12.00
# Visual Studio Version 17
VisualStudioVersion = 17.0.31903.59
MinimumVisualStudioVersion = 10.0.40219.1
Project("{2150E333-8FDC-42A3-9474-1A3956D46DE8}") = "src", "src", "{827E0CD3-B72D-47B6-A68D-7590B98EB39B}"
EndProject
Project("{FAE04EC0-301F-11D3-BF4B-00C04F79EFBC}") = "Fortiva.Core", "src\Fortiva.Core\Fortiva.Core.csproj", "{71FC432E-5C89-4EA7-82ED-B5DA616C881F}"
EndProject
Project("{FAE04EC0-301F-11D3-BF4B-00C04F79EFBC}") = "Fortiva.Core.Tests", "tests\Fortiva.Core.Tests\Fortiva.Core.Tests.csproj", "{D9D434F5-1CFA-4B0C-8233-2B2790479ECD}"
EndProject
Project("{FAE04EC0-301F-11D3-BF4B-00C04F79EFBC}") = "Fortiva.Personal", "src\Fortiva.Personal\Fortiva.Personal.csproj", "{DF9B4AD0-B91E-4C2F-A9C5-6935908E7269}"
EndProject
Project("{FAE04EC0-301F-11D3-BF4B-00C04F79EFBC}") = "Fortiva.Enterprise", "src\Fortiva.Enterprise\Fortiva.Enterprise.csproj", "{1EA784EC-55FD-4A0D-88B2-66D7D6612BF8}"
EndProject
Project("{FAE04EC0-301F-11D3-BF4B-00C04F79EFBC}") = "Fortiva.Admin", "src\Fortiva.Admin\Fortiva.Admin.csproj", "{CF0D3E94-E435-471A-A6F0-77BD73CB21A9}"
EndProject
Project("{FAE04EC0-301F-11D3-BF4B-00C04F79EFBC}") = "Fortiva.AppHost", "src\Fortiva.AppHost\Fortiva.AppHost.csproj", "{9DF3D68E-1061-41D9-B4EA-A520EF56BB80}"
EndProject
Project("{FAE04EC0-301F-11D3-BF4B-00C04F79EFBC}") = "Fortiva.BrowserBridge.Host", "src\Fortiva.BrowserBridge.Host\Fortiva.BrowserBridge.Host.csproj", "{ED1EF3C0-6172-4696-A8C9-4BD283E8E174}"
EndProject
Project("{FAE04EC0-301F-11D3-BF4B-00C04F79EFBC}") = "Fortiva.LicenseTool", "src\Fortiva.LicenseTool\Fortiva.LicenseTool.csproj", "{488900CC-E100-46C0-B919-9C373A9A13B5}"
EndProject
Global
	GlobalSection(SolutionConfigurationPlatforms) = preSolution
		Debug|Any CPU = Debug|Any CPU
		Debug|x64 = Debug|x64
		Debug|x86 = Debug|x86
		Release|Any CPU = Release|Any CPU
		Release|x64 = Release|x64
		Release|x86 = Release|x86
	EndGlobalSection
	GlobalSection(ProjectConfigurationPlatforms) = postSolution
		{71FC432E-5C89-4EA7-82ED-B5DA616C881F}.Debug|Any CPU.ActiveCfg = Debug|Any CPU
		{71FC432E-5C89-4EA7-82ED-B5DA616C881F}.Debug|Any CPU.Build.0 = Debug|Any CPU
		{71FC432E-5C89-4EA7-82ED-B5DA616C881F}.Debug|x64.ActiveCfg = Debug|Any CPU
		{71FC432E-5C89-4EA7-82ED-B5DA616C881F}.Debug|x64.Build.0 = Debug|Any CPU
		{71FC432E-5C89-4EA7-82ED-B5DA616C881F}.Debug|x86.ActiveCfg = Debug|Any CPU
		{71FC432E-5C89-4EA7-82ED-B5DA616C881F}.Debug|x86.Build.0 = Debug|Any CPU
		{71FC432E-5C89-4EA7-82ED-B5DA616C881F}.Release|Any CPU.ActiveCfg = Release|Any CPU
		{71FC432E-5C89-4EA7-82ED-B5DA616C881F}.Release|Any CPU.Build.0 = Release|Any CPU
		{71FC432E-5C89-4EA7-82ED-B5DA616C881F}.Release|x64.ActiveCfg = Release|Any CPU
		{71FC432E-5C89-4EA7-82ED-B5DA616C881F}.Release|x64.Build.0 = Release|Any CPU
		{71FC432E-5C89-4EA7-82ED-B5DA616C881F}.Release|x86.ActiveCfg = Release|Any CPU
		{71FC432E-5C89-4EA7-82ED-B5DA616C881F}.Release|x86.Build.0 = Release|Any CPU
		{D9D434F5-1CFA-4B0C-8233-2B2790479ECD}.Debug|Any CPU.ActiveCfg = Debug|Any CPU
		{D9D434F5-1CFA-4B0C-8233-2B2790479ECD}.Debug|Any CPU.Build.0 = Debug|Any CPU
		{D9D434F5-1CFA-4B0C-8233-2B2790479ECD}.Debug|x64.ActiveCfg = Debug|Any CPU
		{D9D434F5-1CFA-4B0C-8233-2B2790479ECD}.Debug|x64.Build.0 = Debug|Any CPU
		{D9D434F5-1CFA-4B0C-8233-2B2790479ECD}.Debug|x86.ActiveCfg = Debug|Any CPU
		{D9D434F5-1CFA-4B0C-8233-2B2790479ECD}.Debug|x86.Build.0 = Debug|Any CPU
		{D9D434F5-1CFA-4B0C-8233-2B2790479ECD}.Release|Any CPU.ActiveCfg = Release|Any CPU
		{D9D434F5-1CFA-4B0C-8233-2B2790479ECD}.Release|Any CPU.Build.0 = Release|Any CPU
		{D9D434F5-1CFA-4B0C-8233-2B2790479ECD}.Release|x64.ActiveCfg = Release|Any CPU
		{D9D434F5-1CFA-4B0C-8233-2B2790479ECD}.Release|x64.Build.0 = Release|Any CPU
		{D9D434F5-1CFA-4B0C-8233-2B2790479ECD}.Release|x86.ActiveCfg = Release|Any CPU
		{D9D434F5-1CFA-4B0C-8233-2B2790479ECD}.Release|x86.Build.0 = Release|Any CPU
		{DF9B4AD0-B91E-4C2F-A9C5-6935908E7269}.Debug|Any CPU.ActiveCfg = Debug|x64
		{DF9B4AD0-B91E-4C2F-A9C5-6935908E7269}.Debug|Any CPU.Build.0 = Debug|x64
		{DF9B4AD0-B91E-4C2F-A9C5-6935908E7269}.Debug|x64.ActiveCfg = Debug|x64
		{DF9B4AD0-B91E-4C2F-A9C5-6935908E7269}.Debug|x64.Build.0 = Debug|x64
		{DF9B4AD0-B91E-4C2F-A9C5-6935908E7269}.Debug|x86.ActiveCfg = Debug|x64
		{DF9B4AD0-B91E-4C2F-A9C5-6935908E7269}.Debug|x86.Build.0 = Debug|x64
		{DF9B4AD0-B91E-4C2F-A9C5-6935908E7269}.Release|Any CPU.ActiveCfg = Release|x64
		{DF9B4AD0-B91E-4C2F-A9C5-6935908E7269}.Release|Any CPU.Build.0 = Release|x64
		{DF9B4AD0-B91E-4C2F-A9C5-6935908E7269}.Release|x64.ActiveCfg = Release|x64
		{DF9B4AD0-B91E-4C2F-A9C5-6935908E7269}.Release|x64.Build.0 = Release|x64
		{DF9B4AD0-B91E-4C2F-A9C5-6935908E7269}.Release|x86.ActiveCfg = Release|x64
		{DF9B4AD0-B91E-4C2F-A9C5-6935908E7269}.Release|x86.Build.0 = Release|x64
		{1EA784EC-55FD-4A0D-88B2-66D7D6612BF8}.Debug|Any CPU.ActiveCfg = Debug|x64
		{1EA784EC-55FD-4A0D-88B2-66D7D6612BF8}.Debug|Any CPU.Build.0 = Debug|x64
		{1EA784EC-55FD-4A0D-88B2-66D7D6612BF8}.Debug|x64.ActiveCfg = Debug|x64
		{1EA784EC-55FD-4A0D-88B2-66D7D6612BF8}.Debug|x64.Build.0 = Debug|x64
		{1EA784EC-55FD-4A0D-88B2-66D7D6612BF8}.Debug|x86.ActiveCfg = Debug|x64
		{1EA784EC-55FD-4A0D-88B2-66D7D6612BF8}.Debug|x86.Build.0 = Debug|x64
		{1EA784EC-55FD-4A0D-88B2-66D7D6612BF8}.Release|Any CPU.ActiveCfg = Release|x64
		{1EA784EC-55FD-4A0D-88B2-66D7D6612BF8}.Release|Any CPU.Build.0 = Release|x64
		{1EA784EC-55FD-4A0D-88B2-66D7D6612BF8}.Release|x64.ActiveCfg = Release|x64
		{1EA784EC-55FD-4A0D-88B2-66D7D6612BF8}.Release|x64.Build.0 = Release|x64
		{1EA784EC-55FD-4A0D-88B2-66D7D6612BF8}.Release|x86.ActiveCfg = Release|x64
		{1EA784EC-55FD-4A0D-88B2-66D7D6612BF8}.Release|x86.Build.0 = Release|x64
		{CF0D3E94-E435-471A-A6F0-77BD73CB21A9}.Debug|Any CPU.ActiveCfg = Debug|x64
		{CF0D3E94-E435-471A-A6F0-77BD73CB21A9}.Debug|Any CPU.Build.0 = Debug|x64
		{CF0D3E94-E435-471A-A6F0-77BD73CB21A9}.Debug|x64.ActiveCfg = Debug|x64
		{CF0D3E94-E435-471A-A6F0-77BD73CB21A9}.Debug|x64.Build.0 = Debug|x64
		{CF0D3E94-E435-471A-A6F0-77BD73CB21A9}.Debug|x86.ActiveCfg = Debug|x64
		{CF0D3E94-E435-471A-A6F0-77BD73CB21A9}.Debug|x86.Build.0 = Debug|x64
		{CF0D3E94-E435-471A-A6F0-77BD73CB21A9}.Release|Any CPU.ActiveCfg = Release|x64
		{CF0D3E94-E435-471A-A6F0-77BD73CB21A9}.Release|Any CPU.Build.0 = Release|x64
		{CF0D3E94-E435-471A-A6F0-77BD73CB21A9}.Release|x64.ActiveCfg = Release|x64
		{CF0D3E94-E435-471A-A6F0-77BD73CB21A9}.Release|x64.Build.0 = Release|x64
		{CF0D3E94-E435-471A-A6F0-77BD73CB21A9}.Release|x86.ActiveCfg = Release|x64
		{CF0D3E94-E435-471A-A6F0-77BD73CB21A9}.Release|x86.Build.0 = Release|x64
		{9DF3D68E-1061-41D9-B4EA-A520EF56BB80}.Debug|Any CPU.ActiveCfg = Debug|x64
		{9DF3D68E-1061-41D9-B4EA-A520EF56BB80}.Debug|Any CPU.Build.0 = Debug|x64
		{9DF3D68E-1061-41D9-B4EA-A520EF56BB80}.Debug|x64.ActiveCfg = Debug|x64
		{9DF3D68E-1061-41D9-B4EA-A520EF56BB80}.Debug|x64.Build.0 = Debug|x64
		{9DF3D68E-1061-41D9-B4EA-A520EF56BB80}.Debug|x86.ActiveCfg = Debug|x64
		{9DF3D68E-1061-41D9-B4EA-A520EF56BB80}.Debug|x86.Build.0 = Debug|x64
		{9DF3D68E-1061-41D9-B4EA-A520EF56BB80}.Release|Any CPU.ActiveCfg = Release|x64
		{9DF3D68E-1061-41D9-B4EA-A520EF56BB80}.Release|Any CPU.Build.0 = Release|x64
		{9DF3D68E-1061-41D9-B4EA-A520EF56BB80}.Release|x64.ActiveCfg = Release|x64
		{9DF3D68E-1061-41D9-B4EA-A520EF56BB80}.Release|x64.Build.0 = Release|x64
		{9DF3D68E-1061-41D9-B4EA-A520EF56BB80}.Release|x86.ActiveCfg = Release|x64
		{9DF3D68E-1061-41D9-B4EA-A520EF56BB80}.Release|x86.Build.0 = Release|x64
		{ED1EF3C0-6172-4696-A8C9-4BD283E8E174}.Debug|Any CPU.ActiveCfg = Debug|Any CPU
		{ED1EF3C0-6172-4696-A8C9-4BD283E8E174}.Debug|Any CPU.Build.0 = Debug|Any CPU
		{ED1EF3C0-6172-4696-A8C9-4BD283E8E174}.Debug|x64.ActiveCfg = Debug|Any CPU
		{ED1EF3C0-6172-4696-A8C9-4BD283E8E174}.Debug|x64.Build.0 = Debug|Any CPU
		{ED1EF3C0-6172-4696-A8C9-4BD283E8E174}.Debug|x86.ActiveCfg = Debug|Any CPU
		{ED1EF3C0-6172-4696-A8C9-4BD283E8E174}.Debug|x86.Build.0 = Debug|Any CPU
		{ED1EF3C0-6172-4696-A8C9-4BD283E8E174}.Release|Any CPU.ActiveCfg = Release|Any CPU
		{ED1EF3C0-6172-4696-A8C9-4BD283E8E174}.Release|Any CPU.Build.0 = Release|Any CPU
		{ED1EF3C0-6172-4696-A8C9-4BD283E8E174}.Release|x64.ActiveCfg = Release|Any CPU
		{ED1EF3C0-6172-4696-A8C9-4BD283E8E174}.Release|x64.Build.0 = Release|Any CPU
		{ED1EF3C0-6172-4696-A8C9-4BD283E8E174}.Release|x86.ActiveCfg = Release|Any CPU
		{ED1EF3C0-6172-4696-A8C9-4BD283E8E174}.Release|x86.Build.0 = Release|Any CPU
		{488900CC-E100-46C0-B919-9C373A9A13B5}.Debug|Any CPU.ActiveCfg = Debug|Any CPU
		{488900CC-E100-46C0-B919-9C373A9A13B5}.Debug|Any CPU.Build.0 = Debug|Any CPU
		{488900CC-E100-46C0-B919-9C373A9A13B5}.Debug|x64.ActiveCfg = Debug|Any CPU
		{488900CC-E100-46C0-B919-9C373A9A13B5}.Debug|x64.Build.0 = Debug|Any CPU
		{488900CC-E100-46C0-B919-9C373A9A13B5}.Debug|x86.ActiveCfg = Debug|Any CPU
		{488900CC-E100-46C0-B919-9C373A9A13B5}.Debug|x86.Build.0 = Debug|Any CPU
		{488900CC-E100-46C0-B919-9C373A9A13B5}.Release|Any CPU.ActiveCfg = Release|Any CPU
		{488900CC-E100-46C0-B919-9C373A9A13B5}.Release|Any CPU.Build.0 = Release|Any CPU
		{488900CC-E100-46C0-B919-9C373A9A13B5}.Release|x64.ActiveCfg = Release|Any CPU
		{488900CC-E100-46C0-B919-9C373A9A13B5}.Release|x64.Build.0 = Release|Any CPU
		{488900CC-E100-46C0-B919-9C373A9A13B5}.Release|x86.ActiveCfg = Release|Any CPU
		{488900CC-E100-46C0-B919-9C373A9A13B5}.Release|x86.Build.0 = Release|Any CPU
	EndGlobalSection
	GlobalSection(SolutionProperties) = preSolution
		HideSolutionNode = FALSE
	EndGlobalSection
	GlobalSection(NestedProjects) = preSolution
		{71FC432E-5C89-4EA7-82ED-B5DA616C881F} = {827E0CD3-B72D-47B6-A68D-7590B98EB39B}
		{D9D434F5-1CFA-4B0C-8233-2B2790479ECD} = {827E0CD3-B72D-47B6-A68D-7590B98EB39B}
		{DF9B4AD0-B91E-4C2F-A9C5-6935908E7269} = {827E0CD3-B72D-47B6-A68D-7590B98EB39B}
		{1EA784EC-55FD-4A0D-88B2-66D7D6612BF8} = {827E0CD3-B72D-47B6-A68D-7590B98EB39B}
		{CF0D3E94-E435-471A-A6F0-77BD73CB21A9} = {827E0CD3-B72D-47B6-A68D-7590B98EB39B}
		{9DF3D68E-1061-41D9-B4EA-A520EF56BB80} = {827E0CD3-B72D-47B6-A68D-7590B98EB39B}
		{ED1EF3C0-6172-4696-A8C9-4BD283E8E174} = {827E0CD3-B72D-47B6-A68D-7590B98EB39B}
		{488900CC-E100-46C0-B919-9C373A9A13B5} = {827E0CD3-B72D-47B6-A68D-7590B98EB39B}
	EndGlobalSection
EndGlobal
